
Microsoft Visual Studio Solution File, Format Version 12.00
# Visual Studio 15
VisualStudioVersion = 15.0.26730.16
MinimumVisualStudioVersion = 10.0.40219.1
Project("{FAE04EC0-301F-11D3-BF4B-00C04F79EFBC}") = "ReadOpenWindowsDemo", "ReadOpenWindowsDemo\ReadOpenWindowsDemo.csproj", "{6605F4E1-2E73-48B6-B163-393D1C83182F}"
EndProject
Project("{FAE04EC0-301F-11D3-BF4B-00C04F79EFBC}") = "OpenWindowReader", "OpenWindowReader\OpenWindowReader.csproj", "{DFFE83D9-4DDA-46D9-BE2F-104B52BAE3A2}"
EndProject
Project("{FAE04EC0-301F-11D3-BF4B-00C04F79EFBC}") = "OpenWindowReaderTests", "OpenWindowReaderTests\OpenWindowReaderTests.csproj", "{38F69ABC-C7FC-4B5E-B162-266A462A2A2C}"
EndProject
Global
	GlobalSection(SolutionConfigurationPlatforms) = preSolution
		Debug|Any CPU = Debug|Any CPU
		Release|Any CPU = Release|Any CPU
	EndGlobalSection
	GlobalSection(ProjectConfigurationPlatforms) = postSolution
		{6605F4E1-2E73-48B6-B163-393D1C83182F}.Debug|Any CPU.ActiveCfg = Debug|Any CPU
		{6605F4E1-2E73-48B6-B163-393D1C83182F}.Debug|Any CPU.Build.0 = Debug|Any CPU
		{6605F4E1-2E73-48B6-B163-393D1C83182F}.Release|Any CPU.ActiveCfg = Release|Any CPU
		{6605F4E1-2E73-48B6-B163-393D1C83182F}.Release|Any CPU.Build.0 = Release|Any CPU
		{DFFE83D9-4DDA-46D9-BE2F-104B52BAE3A2}.Debug|Any CPU.ActiveCfg = Debug|Any CPU
		{DFFE83D9-4DDA-46D9-BE2F-104B52BAE3A2}.Debug|Any CPU.Build.0 = Debug|Any CPU
		{DFFE83D9-4DDA-46D9-BE2F-104B52BAE3A2}.Release|Any CPU.ActiveCfg = Release|Any CPU
		{DFFE83D9-4DDA-46D9-BE2F-104B52BAE3A2}.Release|Any CPU.Build.0 = Release|Any CPU
		{38F69ABC-C7FC-4B5E-B162-266A462A2A2C}.Debug|Any CPU.ActiveCfg = Debug|Any CPU
		{38F69ABC-C7FC-4B5E-B162-266A462A2A2C}.Debug|Any CPU.Build.0 = Debug|Any CPU
		{38F69ABC-C7FC-4B5E-B162-266A462A2A2C}.Release|Any CPU.ActiveCfg = Release|Any CPU
		{38F69ABC-C7FC-4B5E-B162-266A462A2A2C}.Release|Any CPU.Build.0 = Release|Any CPU
	EndGlobalSection
	GlobalSection(SolutionProperties) = preSolution
		HideSolutionNode = FALSE
	EndGlobalSection
	GlobalSection(ExtensibilityGlobals) = postSolution
		SolutionGuid = {AC4B94F3-28C7-4B29-9459-56134CE9DF12}
	EndGlobalSection
EndGlobal
